
Microsoft Visual Studio Solution File, Format Version 12.00
# Visual Studio Version 16
VisualStudioVersion = 16.0.34301.259
MinimumVisualStudioVersion = 10.0.40219.1
Project("{FAE04EC0-301F-11D3-BF4B-00C04F79EFBC}") = "CreateModel", "CreateModel\CreateModel.csproj", "{E52E61E1-4EDA-4EFB-ACA0-7EFB77E16765}"
EndProject
Global
	GlobalSection(SolutionConfigurationPlatforms) = preSolution
		Debug|Any CPU = Debug|Any CPU
		Debug|x64 = Debug|x64
		Release|Any CPU = Release|Any CPU
		Release|x64 = Release|x64
	EndGlobalSection
	GlobalSection(ProjectConfigurationPlatforms) = postSolution
		{E52E61E1-4EDA-4EFB-ACA0-7EFB77E16765}.Debug|Any CPU.ActiveCfg = Debug|Any CPU
		{E52E61E1-4EDA-4EFB-ACA0-7EFB77E16765}.Debug|Any CPU.Build.0 = Debug|Any CPU
		{E52E61E1-4EDA-4EFB-ACA0-7EFB77E16765}.Debug|x64.ActiveCfg = Debug|x64
		{E52E61E1-4EDA-4EFB-ACA0-7EFB77E16765}.Debug|x64.Build.0 = Debug|x64
		{E52E61E1-4EDA-4EFB-ACA0-7EFB77E16765}.Release|Any CPU.ActiveCfg = Release|Any CPU
		{E52E61E1-4EDA-4EFB-ACA0-7EFB77E16765}.Release|Any CPU.Build.0 = Release|Any CPU
		{E52E61E1-4EDA-4EFB-ACA0-7EFB77E16765}.Release|x64.ActiveCfg = Release|x64
		{E52E61E1-4EDA-4EFB-ACA0-7EFB77E16765}.Release|x64.Build.0 = Release|x64
	EndGlobalSection
	GlobalSection(SolutionProperties) = preSolution
		HideSolutionNode = FALSE
	EndGlobalSection
	GlobalSection(ExtensibilityGlobals) = postSolution
		SolutionGuid = {4C89E696-359A-49B5-BC2C-5357BE57CE8F}
	EndGlobalSection
EndGlobal
